// !$*UTF8*$!
{
	archiveVersion = 1;
	classes = {
	};
	objectVersion = 50;
	objects = {

/* Begin PBXBuildFile section */
		3E617AFF212478FE0012864E /* Pt4_Q1.cpp in Sources */ = {isa = PBXBuildFile; fileRef = 3E617ADA21236D1B0012864E /* Pt4_Q1.cpp */; };
/* End PBXBuildFile section */

/* Begin PBXCopyFilesBuildPhase section */
		3E617AB221223E990012864E /* CopyFiles */ = {
			isa = PBXCopyFilesBuildPhase;
			buildActionMask = 2147483647;
			dstPath = /usr/share/man/man1/;
			dstSubfolderSpec = 0;
			files = (
			);
			runOnlyForDeploymentPostprocessing = 1;
		};
/* End PBXCopyFilesBuildPhase section */

/* Begin PBXFileReference section */
		3E617AB421223E990012864E /* project3 */ = {isa = PBXFileReference; explicitFileType = "compiled.mach-o.executable"; includeInIndex = 0; path = project3; sourceTree = BUILT_PRODUCTS_DIR; };
		3E617AB721223E990012864E /* Pt1_Q1.cpp */ = {isa = PBXFileReference; lastKnownFileType = sourcecode.cpp.cpp; path = Pt1_Q1.cpp; sourceTree = "<group>"; };
		3E617ABF212242E50012864E /* Pt1_Q2.cpp */ = {isa = PBXFileReference; lastKnownFileType = sourcecode.cpp.cpp; path = Pt1_Q2.cpp; sourceTree = "<group>"; };
		3E617AC1212246A70012864E /* Pt1_Q3.cpp */ = {isa = PBXFileReference; lastKnownFileType = sourcecode.cpp.cpp; path = Pt1_Q3.cpp; sourceTree = "<group>"; };
		3E617AC2212246A70012864E /* Pt1_Q3.h */ = {isa = PBXFileReference; lastKnownFileType = sourcecode.c.h; path = Pt1_Q3.h; sourceTree = "<group>"; };
		3E617AC621224BDF0012864E /* Pt1_Q4.cpp */ = {isa = PBXFileReference; lastKnownFileType = sourcecode.cpp.cpp; path = Pt1_Q4.cpp; sourceTree = "<group>"; };
		3E617AC721224BDF0012864E /* Pt1_Q4.h */ = {isa = PBXFileReference; lastKnownFileType = sourcecode.c.h; path = Pt1_Q4.h; sourceTree = "<group>"; };
		3E617AC9212250FF0012864E /* Pt2_Q1.cpp */ = {isa = PBXFileReference; lastKnownFileType = sourcecode.cpp.cpp; path = Pt2_Q1.cpp; sourceTree = "<group>"; };
		3E617AD32122535E0012864E /* Pt2_Q2.cpp */ = {isa = PBXFileReference; lastKnownFileType = sourcecode.cpp.cpp; path = Pt2_Q2.cpp; sourceTree = "<group>"; };
		3E617AD521226F930012864E /* Pt3_Q1.cpp */ = {isa = PBXFileReference; lastKnownFileType = sourcecode.cpp.cpp; path = Pt3_Q1.cpp; sourceTree = "<group>"; };
		3E617AD72122700F0012864E /* Pt3_Q1.h */ = {isa = PBXFileReference; lastKnownFileType = sourcecode.c.h; path = Pt3_Q1.h; sourceTree = "<group>"; };
		3E617ADA21236D1B0012864E /* Pt4_Q1.cpp */ = {isa = PBXFileReference; lastKnownFileType = sourcecode.cpp.cpp; path = Pt4_Q1.cpp; sourceTree = "<group>"; };
		3E617ADC21236D790012864E /* Pt4_Q1.h */ = {isa = PBXFileReference; lastKnownFileType = sourcecode.c.h; path = Pt4_Q1.h; sourceTree = "<group>"; };
		3E617ADD212396EF0012864E /* Pt5_Q1.cpp */ = {isa = PBXFileReference; lastKnownFileType = sourcecode.cpp.cpp; path = Pt5_Q1.cpp; sourceTree = "<group>"; };
		3E617ADF212397350012864E /* Pt5_Q1.h */ = {isa = PBXFileReference; lastKnownFileType = sourcecode.c.h; path = Pt5_Q1.h; sourceTree = "<group>"; };
		3E617AE02123AF4F0012864E /* Pt5_Q2.cpp */ = {isa = PBXFileReference; lastKnownFileType = sourcecode.cpp.cpp; path = Pt5_Q2.cpp; sourceTree = "<group>"; };
		3E617AF92123F0560012864E /* Pt1_Q1.h */ = {isa = PBXFileReference; lastKnownFileType = sourcecode.c.h; path = Pt1_Q1.h; sourceTree = "<group>"; };
/* End PBXFileReference section */

/* Begin PBXFrameworksBuildPhase section */
		3E617AB121223E990012864E /* Frameworks */ = {
			isa = PBXFrameworksBuildPhase;
			buildActionMask = 2147483647;
			files = (
			);
			runOnlyForDeploymentPostprocessing = 0;
		};
/* End PBXFrameworksBuildPhase section */

/* Begin PBXGroup section */
		3E617AAB21223E990012864E = {
			isa = PBXGroup;
			children = (
				3E617AB621223E990012864E /* project3 */,
				3E617AB521223E990012864E /* Products */,
			);
			sourceTree = "<group>";
		};
		3E617AB521223E990012864E /* Products */ = {
			isa = PBXGroup;
			children = (
				3E617AB421223E990012864E /* project3 */,
			);
			name = Products;
			sourceTree = "<group>";
		};
		3E617AB621223E990012864E /* project3 */ = {
			isa = PBXGroup;
			children = (
				3E617AB721223E990012864E /* Pt1_Q1.cpp */,
				3E617AF92123F0560012864E /* Pt1_Q1.h */,
				3E617ABF212242E50012864E /* Pt1_Q2.cpp */,
				3E617AC1212246A70012864E /* Pt1_Q3.cpp */,
				3E617AC2212246A70012864E /* Pt1_Q3.h */,
				3E617AC621224BDF0012864E /* Pt1_Q4.cpp */,
				3E617AC9212250FF0012864E /* Pt2_Q1.cpp */,
				3E617AD32122535E0012864E /* Pt2_Q2.cpp */,
				3E617AD521226F930012864E /* Pt3_Q1.cpp */,
				3E617AD72122700F0012864E /* Pt3_Q1.h */,
				3E617ADA21236D1B0012864E /* Pt4_Q1.cpp */,
				3E617ADC21236D790012864E /* Pt4_Q1.h */,
				3E617ADD212396EF0012864E /* Pt5_Q1.cpp */,
				3E617AE02123AF4F0012864E /* Pt5_Q2.cpp */,
				3E617ADF212397350012864E /* Pt5_Q1.h */,
				3E617AC721224BDF0012864E /* Pt1_Q4.h */,
			);
			path = project3;
			sourceTree = "<group>";
		};
/* End PBXGroup section */

/* Begin PBXNativeTarget section */
		3E617AB321223E990012864E /* project3 */ = {
			isa = PBXNativeTarget;
			buildConfigurationList = 3E617ABB21223E990012864E /* Build configuration list for PBXNativeTarget "project3" */;
			buildPhases = (
				3E617AB021223E990012864E /* Sources */,
				3E617AB121223E990012864E /* Frameworks */,
				3E617AB221223E990012864E /* CopyFiles */,
			);
			buildRules = (
			);
			dependencies = (
			);
			name = project3;
			productName = project3;
			productReference = 3E617AB421223E990012864E /* project3 */;
			productType = "com.apple.product-type.tool";
		};
/* End PBXNativeTarget section */

/* Begin PBXProject section */
		3E617AAC21223E990012864E /* Project object */ = {
			isa = PBXProject;
			attributes = {
				LastUpgradeCheck = 0940;
				ORGANIZATIONNAME = "Calvin Thang";
				TargetAttributes = {
					3E617AB321223E990012864E = {
						CreatedOnToolsVersion = 9.4.1;
					};
				};
			};
			buildConfigurationList = 3E617AAF21223E990012864E /* Build configuration list for PBXProject "project3" */;
			compatibilityVersion = "Xcode 9.3";
			developmentRegion = en;
			hasScannedForEncodings = 0;
			knownRegions = (
				en,
			);
			mainGroup = 3E617AAB21223E990012864E;
			productRefGroup = 3E617AB521223E990012864E /* Products */;
			projectDirPath = "";
			projectRoot = "";
			targets = (
				3E617AB321223E990012864E /* project3 */,
			);
		};
/* End PBXProject section */

/* Begin PBXSourcesBuildPhase section */
		3E617AB021223E990012864E /* Sources */ = {
			isa = PBXSourcesBuildPhase;
			buildActionMask = 2147483647;
			files = (
				3E617AFF212478FE0012864E /* Pt4_Q1.cpp in Sources */,
			);
			runOnlyForDeploymentPostprocessing = 0;
		};
/* End PBXSourcesBuildPhase section */

/* Begin XCBuildConfiguration section */
		3E617AB921223E990012864E /* Debug */ = {
			isa = XCBuildConfiguration;
			buildSettings = {
				ALWAYS_SEARCH_USER_PATHS = NO;
				CLANG_ANALYZER_NONNULL = YES;
				CLANG_ANALYZER_NUMBER_OBJECT_CONVERSION = YES_AGGRESSIVE;
				CLANG_CXX_LANGUAGE_STANDARD = "gnu++14";
				CLANG_CXX_LIBRARY = "libc++";
				CLANG_ENABLE_MODULES = YES;
				CLANG_ENABLE_OBJC_ARC = YES;
				CLANG_ENABLE_OBJC_WEAK = YES;
				CLANG_WARN_BLOCK_CAPTURE_AUTORELEASING = YES;
				CLANG_WARN_BOOL_CONVERSION = YES;
				CLANG_WARN_COMMA = YES;
				CLANG_WARN_CONSTANT_CONVERSION = YES;
				CLANG_WARN_DEPRECATED_OBJC_IMPLEMENTATIONS = YES;
				CLANG_WARN_DIRECT_OBJC_ISA_USAGE = YES_ERROR;
				CLANG_WARN_DOCUMENTATION_COMMENTS = YES;
				CLANG_WARN_EMPTY_BODY = YES;
				CLANG_WARN_ENUM_CONVERSION = YES;
				CLANG_WARN_INFINITE_RECURSION = YES;
				CLANG_WARN_INT_CONVERSION = YES;
				CLANG_WARN_NON_LITERAL_NULL_CONVERSION = YES;
				CLANG_WARN_OBJC_IMPLICIT_RETAIN_SELF = YES;
				CLANG_WARN_OBJC_LITERAL_CONVERSION = YES;
				CLANG_WARN_OBJC_ROOT_CLASS = YES_ERROR;
				CLANG_WARN_RANGE_LOOP_ANALYSIS = YES;
				CLANG_WARN_STRICT_PROTOTYPES = YES;
				CLANG_WARN_SUSPICIOUS_MOVE = YES;
				CLANG_WARN_UNGUARDED_AVAILABILITY = YES_AGGRESSIVE;
				CLANG_WARN_UNREACHABLE_CODE = YES;
				CLANG_WARN__DUPLICATE_METHOD_MATCH = YES;
				CODE_SIGN_IDENTITY = "-";
				COPY_PHASE_STRIP = NO;
				DEBUG_INFORMATION_FORMAT = dwarf;
				ENABLE_STRICT_OBJC_MSGSEND = YES;
				ENABLE_TESTABILITY = YES;
				GCC_C_LANGUAGE_STANDARD = gnu11;
				GCC_DYNAMIC_NO_PIC = NO;
				GCC_NO_COMMON_BLOCKS = YES;
				GCC_OPTIMIZATION_LEVEL = 0;
				GCC_PREPROCESSOR_DEFINITIONS = (
					"DEBUG=1",
					"$(inherited)",
				);
				GCC_WARN_64_TO_32_BIT_CONVERSION = YES;
				GCC_WARN_ABOUT_RETURN_TYPE = YES_ERROR;
				GCC_WARN_UNDECLARED_SELECTOR = YES;
				GCC_WARN_UNINITIALIZED_AUTOS = YES_AGGRESSIVE;
				GCC_WARN_UNUSED_FUNCTION = YES;
				GCC_WARN_UNUSED_VARIABLE = YES;
				MACOSX_DEPLOYMENT_TARGET = 10.13;
				MTL_ENABLE_DEBUG_INFO = YES;
				ONLY_ACTIVE_ARCH = YES;
				SDKROOT = macosx;
			};
			name = Debug;
		};
		3E617ABA21223E990012864E /* Release */ = {
			isa = XCBuildConfiguration;
			buildSettings = {
				ALWAYS_SEARCH_USER_PATHS = NO;
				CLANG_ANALYZER_NONNULL = YES;
				CLANG_ANALYZER_NUMBER_OBJECT_CONVERSION = YES_AGGRESSIVE;
				CLANG_CXX_LANGUAGE_STANDARD = "gnu++14";
				CLANG_CXX_LIBRARY = "libc++";
				CLANG_ENABLE_MODULES = YES;
				CLANG_ENABLE_OBJC_ARC = YES;
				CLANG_ENABLE_OBJC_WEAK = YES;
				CLANG_WARN_BLOCK_CAPTURE_AUTORELEASING = YES;
				CLANG_WARN_BOOL_CONVERSION = YES;
				CLANG_WARN_COMMA = YES;
				CLANG_WARN_CONSTANT_CONVERSION = YES;
				CLANG_WARN_DEPRECATED_OBJC_IMPLEMENTATIONS = YES;
				CLANG_WARN_DIRECT_OBJC_ISA_USAGE = YES_ERROR;
				CLANG_WARN_DOCUMENTATION_COMMENTS = YES;
				CLANG_WARN_EMPTY_BODY = YES;
				CLANG_WARN_ENUM_CONVERSION = YES;
				CLANG_WARN_INFINITE_RECURSION = YES;
				CLANG_WARN_INT_CONVERSION = YES;
				CLANG_WARN_NON_LITERAL_NULL_CONVERSION = YES;
				CLANG_WARN_OBJC_IMPLICIT_RETAIN_SELF = YES;
				CLANG_WARN_OBJC_LITERAL_CONVERSION = YES;
				CLANG_WARN_OBJC_ROOT_CLASS = YES_ERROR;
				CLANG_WARN_RANGE_LOOP_ANALYSIS = YES;
				CLANG_WARN_STRICT_PROTOTYPES = YES;
				CLANG_WARN_SUSPICIOUS_MOVE = YES;
				CLANG_WARN_UNGUARDED_AVAILABILITY = YES_AGGRESSIVE;
				CLANG_WARN_UNREACHABLE_CODE = YES;
				CLANG_WARN__DUPLICATE_METHOD_MATCH = YES;
				CODE_SIGN_IDENTITY = "-";
				COPY_PHASE_STRIP = NO;
				DEBUG_INFORMATION_FORMAT = "dwarf-with-dsym";
				ENABLE_NS_ASSERTIONS = NO;
				ENABLE_STRICT_OBJC_MSGSEND = YES;
				GCC_C_LANGUAGE_STANDARD = gnu11;
				GCC_NO_COMMON_BLOCKS = YES;
				GCC_WARN_64_TO_32_BIT_CONVERSION = YES;
				GCC_WARN_ABOUT_RETURN_TYPE = YES_ERROR;
				GCC_WARN_UNDECLARED_SELECTOR = YES;
				GCC_WARN_UNINITIALIZED_AUTOS = YES_AGGRESSIVE;
				GCC_WARN_UNUSED_FUNCTION = YES;
				GCC_WARN_UNUSED_VARIABLE = YES;
				MACOSX_DEPLOYMENT_TARGET = 10.13;
				MTL_ENABLE_DEBUG_INFO = NO;
				ONLY_ACTIVE_ARCH = YES;
				SDKROOT = macosx;
			};
			name = Release;
		};
		3E617ABC21223E990012864E /* Debug */ = {
			isa = XCBuildConfiguration;
			buildSettings = {
				CODE_SIGN_STYLE = Automatic;
				PRODUCT_NAME = "$(TARGET_NAME)";
			};
			name = Debug;
		};
		3E617ABD21223E990012864E /* Release */ = {
			isa = XCBuildConfiguration;
			buildSettings = {
				CODE_SIGN_STYLE = Automatic;
				PRODUCT_NAME = "$(TARGET_NAME)";
			};
			name = Release;
		};
/* End XCBuildConfiguration section */

/* Begin XCConfigurationList section */
		3E617AAF21223E990012864E /* Build configuration list for PBXProject "project3" */ = {
			isa = XCConfigurationList;
			buildConfigurations = (
				3E617AB921223E990012864E /* Debug */,
				3E617ABA21223E990012864E /* Release */,
			);
			defaultConfigurationIsVisible = 0;
			defaultConfigurationName = Release;
		};
		3E617ABB21223E990012864E /* Build configuration list for PBXNativeTarget "project3" */ = {
			isa = XCConfigurationList;
			buildConfigurations = (
				3E617ABC21223E990012864E /* Debug */,
				3E617ABD21223E990012864E /* Release */,
			);
			defaultConfigurationIsVisible = 0;
			defaultConfigurationName = Release;
		};
/* End XCConfigurationList section */
	};
	rootObject = 3E617AAC21223E990012864E /* Project object */;
}
